
Microsoft Visual Studio Solution File, Format Version 12.00
# Visual Studio Version 17
VisualStudioVersion = 17.5.33530.505
MinimumVisualStudioVersion = 10.0.40219.1
Project("{FAE04EC0-301F-11D3-BF4B-00C04F79EFBC}") = "Monoid_Design_Pattern", "Monoid_Design_Pattern\Monoid_Design_Pattern.csproj", "{C5ED3B19-D123-4237-8D1C-69BC89E403C9}"
EndProject
Global
	GlobalSection(SolutionConfigurationPlatforms) = preSolution
		Debug|Any CPU = Debug|Any CPU
		Release|Any CPU = Release|Any CPU
	EndGlobalSection
	GlobalSection(ProjectConfigurationPlatforms) = postSolution
		{C5ED3B19-D123-4237-8D1C-69BC89E403C9}.Debug|Any CPU.ActiveCfg = Debug|Any CPU
		{C5ED3B19-D123-4237-8D1C-69BC89E403C9}.Debug|Any CPU.Build.0 = Debug|Any CPU
		{C5ED3B19-D123-4237-8D1C-69BC89E403C9}.Release|Any CPU.ActiveCfg = Release|Any CPU
		{C5ED3B19-D123-4237-8D1C-69BC89E403C9}.Release|Any CPU.Build.0 = Release|Any CPU
	EndGlobalSection
	GlobalSection(SolutionProperties) = preSolution
		HideSolutionNode = FALSE
	EndGlobalSection
	GlobalSection(ExtensibilityGlobals) = postSolution
		SolutionGuid = {80A4EB26-D657-4583-BE3C-E8F3A84834FB}
	EndGlobalSection
EndGlobal
